
Microsoft Visual Studio Solution File, Format Version 12.00
# Visual Studio 15
VisualStudioVersion = 15.0.27703.2042
MinimumVisualStudioVersion = 10.0.40219.1
Project("{9A19103F-16F7-4668-BE54-9A1E7A4F7556}") = "MoviePremieres", "MoviePremieres\MoviePremieres.csproj", "{D4DF5561-27AD-4177-B22A-8741CBFE8593}"
EndProject
Project("{9A19103F-16F7-4668-BE54-9A1E7A4F7556}") = "MoviePremieres.Domain", "MoviePremieres.Domain\MoviePremieres.Domain.csproj", "{BF884F1D-48DF-4C60-B238-594FF65AD0E6}"
EndProject
Project("{9A19103F-16F7-4668-BE54-9A1E7A4F7556}") = "MoviePremieres.ListRepositories", "MoviePremieres.ListRepositories\MoviePremieres.ListRepositories.csproj", "{27088D0E-92DD-40A8-9BFF-3ED5AF209D60}"
EndProject
Project("{9A19103F-16F7-4668-BE54-9A1E7A4F7556}") = "MoviePremieres.EFRepositories", "MoviePremieres.EFRepositories\MoviePremieres.EFRepositories.csproj", "{B11FD1CB-2536-4B2B-A9EC-E248CB053FBB}"
EndProject
Project("{9A19103F-16F7-4668-BE54-9A1E7A4F7556}") = "MoviePremieres.StorageTableRepositories", "MoviePremieres.StorageTableRepositories\MoviePremieres.StorageTableRepositories.csproj", "{CC6C5871-599B-4415-8F1E-C401F2F16F8A}"
EndProject
Project("{9A19103F-16F7-4668-BE54-9A1E7A4F7556}") = "MoviePremieres.CosmosDBRepositories", "MoviePremieres.CosmosDBRepositories\MoviePremieres.CosmosDBRepositories.csproj", "{466E14C5-CBDD-40D5-9A2C-6EA3D7793CD1}"
EndProject
Project("{2150E333-8FDC-42A3-9474-1A3956D46DE8}") = "Scripts", "Scripts", "{79F103DF-1760-454C-B4D7-0A9525889574}"
	ProjectSection(SolutionItems) = preProject
		Scripts\Create.local.ps1 = Scripts\Create.local.ps1
		Scripts\CreateCosmoDb_MongoDb.ps1 = Scripts\CreateCosmoDb_MongoDb.ps1
		Scripts\CreateDeployToAppService.ps1 = Scripts\CreateDeployToAppService.ps1
		Scripts\CreateResourceGroup.ps1 = Scripts\CreateResourceGroup.ps1
		Scripts\CreateSqlServer.ps1 = Scripts\CreateSqlServer.ps1
		Scripts\CreateStorageTable.ps1 = Scripts\CreateStorageTable.ps1
		Scripts\Delete.ps1 = Scripts\Delete.ps1
	EndProjectSection
EndProject
Project("{FAE04EC0-301F-11D3-BF4B-00C04F79EFBC}") = "MoviePremieres.Cache", "MoviePremieres.Cache\MoviePremieres.Cache.csproj", "{29DE6241-5929-4F05-A134-BAE3859FEA5F}"
EndProject
Global
	GlobalSection(SolutionConfigurationPlatforms) = preSolution
		Debug|Any CPU = Debug|Any CPU
		Release|Any CPU = Release|Any CPU
	EndGlobalSection
	GlobalSection(ProjectConfigurationPlatforms) = postSolution
		{D4DF5561-27AD-4177-B22A-8741CBFE8593}.Debug|Any CPU.ActiveCfg = Debug|Any CPU
		{D4DF5561-27AD-4177-B22A-8741CBFE8593}.Debug|Any CPU.Build.0 = Debug|Any CPU
		{D4DF5561-27AD-4177-B22A-8741CBFE8593}.Release|Any CPU.ActiveCfg = Release|Any CPU
		{D4DF5561-27AD-4177-B22A-8741CBFE8593}.Release|Any CPU.Build.0 = Release|Any CPU
		{BF884F1D-48DF-4C60-B238-594FF65AD0E6}.Debug|Any CPU.ActiveCfg = Debug|Any CPU
		{BF884F1D-48DF-4C60-B238-594FF65AD0E6}.Debug|Any CPU.Build.0 = Debug|Any CPU
		{BF884F1D-48DF-4C60-B238-594FF65AD0E6}.Release|Any CPU.ActiveCfg = Release|Any CPU
		{BF884F1D-48DF-4C60-B238-594FF65AD0E6}.Release|Any CPU.Build.0 = Release|Any CPU
		{27088D0E-92DD-40A8-9BFF-3ED5AF209D60}.Debug|Any CPU.ActiveCfg = Debug|Any CPU
		{27088D0E-92DD-40A8-9BFF-3ED5AF209D60}.Debug|Any CPU.Build.0 = Debug|Any CPU
		{27088D0E-92DD-40A8-9BFF-3ED5AF209D60}.Release|Any CPU.ActiveCfg = Release|Any CPU
		{27088D0E-92DD-40A8-9BFF-3ED5AF209D60}.Release|Any CPU.Build.0 = Release|Any CPU
		{B11FD1CB-2536-4B2B-A9EC-E248CB053FBB}.Debug|Any CPU.ActiveCfg = Debug|Any CPU
		{B11FD1CB-2536-4B2B-A9EC-E248CB053FBB}.Debug|Any CPU.Build.0 = Debug|Any CPU
		{B11FD1CB-2536-4B2B-A9EC-E248CB053FBB}.Release|Any CPU.ActiveCfg = Release|Any CPU
		{B11FD1CB-2536-4B2B-A9EC-E248CB053FBB}.Release|Any CPU.Build.0 = Release|Any CPU
		{CC6C5871-599B-4415-8F1E-C401F2F16F8A}.Debug|Any CPU.ActiveCfg = Debug|Any CPU
		{CC6C5871-599B-4415-8F1E-C401F2F16F8A}.Debug|Any CPU.Build.0 = Debug|Any CPU
		{CC6C5871-599B-4415-8F1E-C401F2F16F8A}.Release|Any CPU.ActiveCfg = Release|Any CPU
		{CC6C5871-599B-4415-8F1E-C401F2F16F8A}.Release|Any CPU.Build.0 = Release|Any CPU
		{466E14C5-CBDD-40D5-9A2C-6EA3D7793CD1}.Debug|Any CPU.ActiveCfg = Debug|Any CPU
		{466E14C5-CBDD-40D5-9A2C-6EA3D7793CD1}.Debug|Any CPU.Build.0 = Debug|Any CPU
		{466E14C5-CBDD-40D5-9A2C-6EA3D7793CD1}.Release|Any CPU.ActiveCfg = Release|Any CPU
		{466E14C5-CBDD-40D5-9A2C-6EA3D7793CD1}.Release|Any CPU.Build.0 = Release|Any CPU
		{29DE6241-5929-4F05-A134-BAE3859FEA5F}.Debug|Any CPU.ActiveCfg = Debug|Any CPU
		{29DE6241-5929-4F05-A134-BAE3859FEA5F}.Debug|Any CPU.Build.0 = Debug|Any CPU
		{29DE6241-5929-4F05-A134-BAE3859FEA5F}.Release|Any CPU.ActiveCfg = Release|Any CPU
		{29DE6241-5929-4F05-A134-BAE3859FEA5F}.Release|Any CPU.Build.0 = Release|Any CPU
	EndGlobalSection
	GlobalSection(SolutionProperties) = preSolution
		HideSolutionNode = FALSE
	EndGlobalSection
	GlobalSection(ExtensibilityGlobals) = postSolution
		SolutionGuid = {4FB98A13-4BF6-444B-8268-96B6E9CFB3CE}
	EndGlobalSection
EndGlobal
